
Microsoft Visual Studio Solution File, Format Version 12.00
# Visual Studio 15
VisualStudioVersion = 15.0.26403.7
MinimumVisualStudioVersion = 10.0.40219.1
Project("{FAE04EC0-301F-11D3-BF4B-00C04F79EFBC}") = "BuildRandomizer", "BuildRandomizer\BuildRandomizer.csproj", "{43551902-2C0D-4671-914E-11B91C77F1C5}"
EndProject
Project("{FAE04EC0-301F-11D3-BF4B-00C04F79EFBC}") = "RandomBuildDatabase", "RandomBuildDatabase\RandomBuildDatabase.csproj", "{7954EF12-93AC-49E6-A918-DAC0F24DFFA5}"
EndProject
Global
	GlobalSection(SolutionConfigurationPlatforms) = preSolution
		Debug|Any CPU = Debug|Any CPU
		Release|Any CPU = Release|Any CPU
	EndGlobalSection
	GlobalSection(ProjectConfigurationPlatforms) = postSolution
		{43551902-2C0D-4671-914E-11B91C77F1C5}.Debug|Any CPU.ActiveCfg = Debug|Any CPU
		{43551902-2C0D-4671-914E-11B91C77F1C5}.Debug|Any CPU.Build.0 = Debug|Any CPU
		{43551902-2C0D-4671-914E-11B91C77F1C5}.Release|Any CPU.ActiveCfg = Release|Any CPU
		{43551902-2C0D-4671-914E-11B91C77F1C5}.Release|Any CPU.Build.0 = Release|Any CPU
		{7954EF12-93AC-49E6-A918-DAC0F24DFFA5}.Debug|Any CPU.ActiveCfg = Debug|Any CPU
		{7954EF12-93AC-49E6-A918-DAC0F24DFFA5}.Debug|Any CPU.Build.0 = Debug|Any CPU
		{7954EF12-93AC-49E6-A918-DAC0F24DFFA5}.Release|Any CPU.ActiveCfg = Release|Any CPU
		{7954EF12-93AC-49E6-A918-DAC0F24DFFA5}.Release|Any CPU.Build.0 = Release|Any CPU
	EndGlobalSection
	GlobalSection(SolutionProperties) = preSolution
		HideSolutionNode = FALSE
	EndGlobalSection
EndGlobal
